
Microsoft Visual Studio Solution File, Format Version 12.00
# Visual Studio Version 17
VisualStudioVersion = 17.2.32630.192
MinimumVisualStudioVersion = 10.0.40219.1
Project("{FAE04EC0-301F-11D3-BF4B-00C04F79EFBC}") = "MoeGoe_GUI", "MoeGoe_GUI\MoeGoe_GUI.csproj", "{3DE67672-8D9F-49FF-930C-86AF9D533C4E}"
EndProject
Project("{2150E333-8FDC-42A3-9474-1A3956D46DE8}") = "解决方案项", "解决方案项", "{7F101DE2-E207-4E26-B699-8A57523BD724}"
EndProject
Global
	GlobalSection(SolutionConfigurationPlatforms) = preSolution
		Debug|Any CPU = Debug|Any CPU
		Release|Any CPU = Release|Any CPU
	EndGlobalSection
	GlobalSection(ProjectConfigurationPlatforms) = postSolution
		{3DE67672-8D9F-49FF-930C-86AF9D533C4E}.Debug|Any CPU.ActiveCfg = Release|Any CPU
		{3DE67672-8D9F-49FF-930C-86AF9D533C4E}.Debug|Any CPU.Build.0 = Release|Any CPU
		{3DE67672-8D9F-49FF-930C-86AF9D533C4E}.Release|Any CPU.ActiveCfg = Release|Any CPU
		{3DE67672-8D9F-49FF-930C-86AF9D533C4E}.Release|Any CPU.Build.0 = Release|Any CPU
	EndGlobalSection
	GlobalSection(SolutionProperties) = preSolution
		HideSolutionNode = FALSE
	EndGlobalSection
	GlobalSection(ExtensibilityGlobals) = postSolution
		SolutionGuid = {305DEB35-75E4-443D-9363-579FFC3942DC}
	EndGlobalSection
EndGlobal
